// !$*UTF8*$!
{
	archiveVersion = 1;
	classes = {
	};
	objectVersion = 52;
	objects = {

/* Begin PBXBuildFile section */
		172DCBD626D110E7001B705C /* AudyoApp.swift in Sources */ = {isa = PBXBuildFile; fileRef = 172DCBD526D110E7001B705C /* AudyoApp.swift */; };
		172DCBD826D110E7001B705C /* RootView.swift in Sources */ = {isa = PBXBuildFile; fileRef = 172DCBD726D110E7001B705C /* RootView.swift */; };
		172DCBDA26D110EA001B705C /* Assets.xcassets in Resources */ = {isa = PBXBuildFile; fileRef = 172DCBD926D110EA001B705C /* Assets.xcassets */; };
		172DCBDD26D110EA001B705C /* Preview Assets.xcassets in Resources */ = {isa = PBXBuildFile; fileRef = 172DCBDC26D110EA001B705C /* Preview Assets.xcassets */; };
		172DCBE826D116AC001B705C /* TabContentView.swift in Sources */ = {isa = PBXBuildFile; fileRef = 172DCBE726D116AC001B705C /* TabContentView.swift */; };
		172DCBEB26D14808001B705C /* ubuntu-bold.ttf in Resources */ = {isa = PBXBuildFile; fileRef = 172DCBEA26D14808001B705C /* ubuntu-bold.ttf */; };
		172DCBED26D14CA2001B705C /* HomeView.swift in Sources */ = {isa = PBXBuildFile; fileRef = 172DCBEC26D14CA2001B705C /* HomeView.swift */; };
		172DCBF026D1517C001B705C /* AudioStreaming in Frameworks */ = {isa = PBXBuildFile; productRef = 172DCBEF26D1517C001B705C /* AudioStreaming */; };
		172DCBF226D155C2001B705C /* HomeItemView.swift in Sources */ = {isa = PBXBuildFile; fileRef = 172DCBF126D155C2001B705C /* HomeItemView.swift */; };
		172DCBF526D16CC6001B705C /* Episode.swift in Sources */ = {isa = PBXBuildFile; fileRef = 172DCBF426D16CC6001B705C /* Episode.swift */; };
		172DCBF826D176B7001B705C /* PlayerManager.swift in Sources */ = {isa = PBXBuildFile; fileRef = 172DCBF726D176B7001B705C /* PlayerManager.swift */; };
		172DCBFA26D182BF001B705C /* PlayerView.swift in Sources */ = {isa = PBXBuildFile; fileRef = 172DCBF926D182BF001B705C /* PlayerView.swift */; };
/* End PBXBuildFile section */

/* Begin PBXFileReference section */
		172DCBD226D110E7001B705C /* Audyo.app */ = {isa = PBXFileReference; explicitFileType = wrapper.application; includeInIndex = 0; path = Audyo.app; sourceTree = BUILT_PRODUCTS_DIR; };
		172DCBD526D110E7001B705C /* AudyoApp.swift */ = {isa = PBXFileReference; lastKnownFileType = sourcecode.swift; path = AudyoApp.swift; sourceTree = "<group>"; };
		172DCBD726D110E7001B705C /* RootView.swift */ = {isa = PBXFileReference; lastKnownFileType = sourcecode.swift; path = RootView.swift; sourceTree = "<group>"; };
		172DCBD926D110EA001B705C /* Assets.xcassets */ = {isa = PBXFileReference; lastKnownFileType = folder.assetcatalog; path = Assets.xcassets; sourceTree = "<group>"; };
		172DCBDC26D110EA001B705C /* Preview Assets.xcassets */ = {isa = PBXFileReference; lastKnownFileType = folder.assetcatalog; path = "Preview Assets.xcassets"; sourceTree = "<group>"; };
		172DCBDE26D110EA001B705C /* Info.plist */ = {isa = PBXFileReference; lastKnownFileType = text.plist.xml; path = Info.plist; sourceTree = "<group>"; };
		172DCBE726D116AC001B705C /* TabContentView.swift */ = {isa = PBXFileReference; lastKnownFileType = sourcecode.swift; path = TabContentView.swift; sourceTree = "<group>"; };
		172DCBEA26D14808001B705C /* ubuntu-bold.ttf */ = {isa = PBXFileReference; lastKnownFileType = file; path = "ubuntu-bold.ttf"; sourceTree = "<group>"; };
		172DCBEC26D14CA2001B705C /* HomeView.swift */ = {isa = PBXFileReference; lastKnownFileType = sourcecode.swift; path = HomeView.swift; sourceTree = "<group>"; };
		172DCBF126D155C2001B705C /* HomeItemView.swift */ = {isa = PBXFileReference; lastKnownFileType = sourcecode.swift; path = HomeItemView.swift; sourceTree = "<group>"; };
		172DCBF426D16CC6001B705C /* Episode.swift */ = {isa = PBXFileReference; lastKnownFileType = sourcecode.swift; path = Episode.swift; sourceTree = "<group>"; };
		172DCBF726D176B7001B705C /* PlayerManager.swift */ = {isa = PBXFileReference; lastKnownFileType = sourcecode.swift; path = PlayerManager.swift; sourceTree = "<group>"; };
		172DCBF926D182BF001B705C /* PlayerView.swift */ = {isa = PBXFileReference; lastKnownFileType = sourcecode.swift; path = PlayerView.swift; sourceTree = "<group>"; };
/* End PBXFileReference section */

/* Begin PBXFrameworksBuildPhase section */
		172DCBCF26D110E7001B705C /* Frameworks */ = {
			isa = PBXFrameworksBuildPhase;
			buildActionMask = 2147483647;
			files = (
				172DCBF026D1517C001B705C /* AudioStreaming in Frameworks */,
			);
			runOnlyForDeploymentPostprocessing = 0;
		};
/* End PBXFrameworksBuildPhase section */

/* Begin PBXGroup section */
		172DCBC926D110E7001B705C = {
			isa = PBXGroup;
			children = (
				172DCBD426D110E7001B705C /* Audyo */,
				172DCBD326D110E7001B705C /* Products */,
			);
			sourceTree = "<group>";
		};
		172DCBD326D110E7001B705C /* Products */ = {
			isa = PBXGroup;
			children = (
				172DCBD226D110E7001B705C /* Audyo.app */,
			);
			name = Products;
			sourceTree = "<group>";
		};
		172DCBD426D110E7001B705C /* Audyo */ = {
			isa = PBXGroup;
			children = (
				172DCBF626D1766E001B705C /* View Models */,
				172DCBF326D16C80001B705C /* Models */,
				172DCBE926D147E7001B705C /* Fonts */,
				172DCBE626D111A5001B705C /* Views */,
				172DCBE426D1112F001B705C /* System */,
				172DCBDE26D110EA001B705C /* Info.plist */,
				172DCBD926D110EA001B705C /* Assets.xcassets */,
				172DCBDB26D110EA001B705C /* Preview Content */,
			);
			path = Audyo;
			sourceTree = "<group>";
		};
		172DCBDB26D110EA001B705C /* Preview Content */ = {
			isa = PBXGroup;
			children = (
				172DCBDC26D110EA001B705C /* Preview Assets.xcassets */,
			);
			path = "Preview Content";
			sourceTree = "<group>";
		};
		172DCBE426D1112F001B705C /* System */ = {
			isa = PBXGroup;
			children = (
				172DCBD526D110E7001B705C /* AudyoApp.swift */,
			);
			path = System;
			sourceTree = "<group>";
		};
		172DCBE626D111A5001B705C /* Views */ = {
			isa = PBXGroup;
			children = (
				172DCBD726D110E7001B705C /* RootView.swift */,
				172DCBE726D116AC001B705C /* TabContentView.swift */,
				172DCBEC26D14CA2001B705C /* HomeView.swift */,
				172DCBF126D155C2001B705C /* HomeItemView.swift */,
				172DCBF926D182BF001B705C /* PlayerView.swift */,
			);
			path = Views;
			sourceTree = "<group>";
		};
		172DCBE926D147E7001B705C /* Fonts */ = {
			isa = PBXGroup;
			children = (
				172DCBEA26D14808001B705C /* ubuntu-bold.ttf */,
			);
			path = Fonts;
			sourceTree = "<group>";
		};
		172DCBF326D16C80001B705C /* Models */ = {
			isa = PBXGroup;
			children = (
				172DCBF426D16CC6001B705C /* Episode.swift */,
			);
			path = Models;
			sourceTree = "<group>";
		};
		172DCBF626D1766E001B705C /* View Models */ = {
			isa = PBXGroup;
			children = (
				172DCBF726D176B7001B705C /* PlayerManager.swift */,
			);
			path = "View Models";
			sourceTree = "<group>";
		};
/* End PBXGroup section */

/* Begin PBXNativeTarget section */
		172DCBD126D110E7001B705C /* Audyo */ = {
			isa = PBXNativeTarget;
			buildConfigurationList = 172DCBE126D110EA001B705C /* Build configuration list for PBXNativeTarget "Audyo" */;
			buildPhases = (
				172DCBCE26D110E7001B705C /* Sources */,
				172DCBCF26D110E7001B705C /* Frameworks */,
				172DCBD026D110E7001B705C /* Resources */,
			);
			buildRules = (
			);
			dependencies = (
			);
			name = Audyo;
			packageProductDependencies = (
				172DCBEF26D1517C001B705C /* AudioStreaming */,
			);
			productName = Audyo;
			productReference = 172DCBD226D110E7001B705C /* Audyo.app */;
			productType = "com.apple.product-type.application";
		};
/* End PBXNativeTarget section */

/* Begin PBXProject section */
		172DCBCA26D110E7001B705C /* Project object */ = {
			isa = PBXProject;
			attributes = {
				LastSwiftUpdateCheck = 1250;
				LastUpgradeCheck = 1250;
				TargetAttributes = {
					172DCBD126D110E7001B705C = {
						CreatedOnToolsVersion = 12.5.1;
					};
				};
			};
			buildConfigurationList = 172DCBCD26D110E7001B705C /* Build configuration list for PBXProject "Audyo" */;
			compatibilityVersion = "Xcode 9.3";
			developmentRegion = en;
			hasScannedForEncodings = 0;
			knownRegions = (
				en,
				Base,
			);
			mainGroup = 172DCBC926D110E7001B705C;
			packageReferences = (
				172DCBEE26D1517C001B705C /* XCRemoteSwiftPackageReference "AudioStreaming" */,
			);
			productRefGroup = 172DCBD326D110E7001B705C /* Products */;
			projectDirPath = "";
			projectRoot = "";
			targets = (
				172DCBD126D110E7001B705C /* Audyo */,
			);
		};
/* End PBXProject section */

/* Begin PBXResourcesBuildPhase section */
		172DCBD026D110E7001B705C /* Resources */ = {
			isa = PBXResourcesBuildPhase;
			buildActionMask = 2147483647;
			files = (
				172DCBEB26D14808001B705C /* ubuntu-bold.ttf in Resources */,
				172DCBDD26D110EA001B705C /* Preview Assets.xcassets in Resources */,
				172DCBDA26D110EA001B705C /* Assets.xcassets in Resources */,
			);
			runOnlyForDeploymentPostprocessing = 0;
		};
/* End PBXResourcesBuildPhase section */

/* Begin PBXSourcesBuildPhase section */
		172DCBCE26D110E7001B705C /* Sources */ = {
			isa = PBXSourcesBuildPhase;
			buildActionMask = 2147483647;
			files = (
				172DCBF226D155C2001B705C /* HomeItemView.swift in Sources */,
				172DCBF526D16CC6001B705C /* Episode.swift in Sources */,
				172DCBD826D110E7001B705C /* RootView.swift in Sources */,
				172DCBFA26D182BF001B705C /* PlayerView.swift in Sources */,
				172DCBF826D176B7001B705C /* PlayerManager.swift in Sources */,
				172DCBED26D14CA2001B705C /* HomeView.swift in Sources */,
				172DCBE826D116AC001B705C /* TabContentView.swift in Sources */,
				172DCBD626D110E7001B705C /* AudyoApp.swift in Sources */,
			);
			runOnlyForDeploymentPostprocessing = 0;
		};
/* End PBXSourcesBuildPhase section */

/* Begin XCBuildConfiguration section */
		172DCBDF26D110EA001B705C /* Debug */ = {
			isa = XCBuildConfiguration;
			buildSettings = {
				ALWAYS_SEARCH_USER_PATHS = NO;
				CLANG_ANALYZER_NONNULL = YES;
				CLANG_ANALYZER_NUMBER_OBJECT_CONVERSION = YES_AGGRESSIVE;
				CLANG_CXX_LANGUAGE_STANDARD = "gnu++14";
				CLANG_CXX_LIBRARY = "libc++";
				CLANG_ENABLE_MODULES = YES;
				CLANG_ENABLE_OBJC_ARC = YES;
				CLANG_ENABLE_OBJC_WEAK = YES;
				CLANG_WARN_BLOCK_CAPTURE_AUTORELEASING = YES;
				CLANG_WARN_BOOL_CONVERSION = YES;
				CLANG_WARN_COMMA = YES;
				CLANG_WARN_CONSTANT_CONVERSION = YES;
				CLANG_WARN_DEPRECATED_OBJC_IMPLEMENTATIONS = YES;
				CLANG_WARN_DIRECT_OBJC_ISA_USAGE = YES_ERROR;
				CLANG_WARN_DOCUMENTATION_COMMENTS = YES;
				CLANG_WARN_EMPTY_BODY = YES;
				CLANG_WARN_ENUM_CONVERSION = YES;
				CLANG_WARN_INFINITE_RECURSION = YES;
				CLANG_WARN_INT_CONVERSION = YES;
				CLANG_WARN_NON_LITERAL_NULL_CONVERSION = YES;
				CLANG_WARN_OBJC_IMPLICIT_RETAIN_SELF = YES;
				CLANG_WARN_OBJC_LITERAL_CONVERSION = YES;
				CLANG_WARN_OBJC_ROOT_CLASS = YES_ERROR;
				CLANG_WARN_QUOTED_INCLUDE_IN_FRAMEWORK_HEADER = YES;
				CLANG_WARN_RANGE_LOOP_ANALYSIS = YES;
				CLANG_WARN_STRICT_PROTOTYPES = YES;
				CLANG_WARN_SUSPICIOUS_MOVE = YES;
				CLANG_WARN_UNGUARDED_AVAILABILITY = YES_AGGRESSIVE;
				CLANG_WARN_UNREACHABLE_CODE = YES;
				CLANG_WARN__DUPLICATE_METHOD_MATCH = YES;
				COPY_PHASE_STRIP = NO;
				DEBUG_INFORMATION_FORMAT = dwarf;
				ENABLE_STRICT_OBJC_MSGSEND = YES;
				ENABLE_TESTABILITY = YES;
				GCC_C_LANGUAGE_STANDARD = gnu11;
				GCC_DYNAMIC_NO_PIC = NO;
				GCC_NO_COMMON_BLOCKS = YES;
				GCC_OPTIMIZATION_LEVEL = 0;
				GCC_PREPROCESSOR_DEFINITIONS = (
					"DEBUG=1",
					"$(inherited)",
				);
				GCC_WARN_64_TO_32_BIT_CONVERSION = YES;
				GCC_WARN_ABOUT_RETURN_TYPE = YES_ERROR;
				GCC_WARN_UNDECLARED_SELECTOR = YES;
				GCC_WARN_UNINITIALIZED_AUTOS = YES_AGGRESSIVE;
				GCC_WARN_UNUSED_FUNCTION = YES;
				GCC_WARN_UNUSED_VARIABLE = YES;
				IPHONEOS_DEPLOYMENT_TARGET = 14.0;
				MTL_ENABLE_DEBUG_INFO = INCLUDE_SOURCE;
				MTL_FAST_MATH = YES;
				ONLY_ACTIVE_ARCH = YES;
				SDKROOT = iphoneos;
				SWIFT_ACTIVE_COMPILATION_CONDITIONS = DEBUG;
				SWIFT_OPTIMIZATION_LEVEL = "-Onone";
			};
			name = Debug;
		};
		172DCBE026D110EA001B705C /* Release */ = {
			isa = XCBuildConfiguration;
			buildSettings = {
				ALWAYS_SEARCH_USER_PATHS = NO;
				CLANG_ANALYZER_NONNULL = YES;
				CLANG_ANALYZER_NUMBER_OBJECT_CONVERSION = YES_AGGRESSIVE;
				CLANG_CXX_LANGUAGE_STANDARD = "gnu++14";
				CLANG_CXX_LIBRARY = "libc++";
				CLANG_ENABLE_MODULES = YES;
				CLANG_ENABLE_OBJC_ARC = YES;
				CLANG_ENABLE_OBJC_WEAK = YES;
				CLANG_WARN_BLOCK_CAPTURE_AUTORELEASING = YES;
				CLANG_WARN_BOOL_CONVERSION = YES;
				CLANG_WARN_COMMA = YES;
				CLANG_WARN_CONSTANT_CONVERSION = YES;
				CLANG_WARN_DEPRECATED_OBJC_IMPLEMENTATIONS = YES;
				CLANG_WARN_DIRECT_OBJC_ISA_USAGE = YES_ERROR;
				CLANG_WARN_DOCUMENTATION_COMMENTS = YES;
				CLANG_WARN_EMPTY_BODY = YES;
				CLANG_WARN_ENUM_CONVERSION = YES;
				CLANG_WARN_INFINITE_RECURSION = YES;
				CLANG_WARN_INT_CONVERSION = YES;
				CLANG_WARN_NON_LITERAL_NULL_CONVERSION = YES;
				CLANG_WARN_OBJC_IMPLICIT_RETAIN_SELF = YES;
				CLANG_WARN_OBJC_LITERAL_CONVERSION = YES;
				CLANG_WARN_OBJC_ROOT_CLASS = YES_ERROR;
				CLANG_WARN_QUOTED_INCLUDE_IN_FRAMEWORK_HEADER = YES;
				CLANG_WARN_RANGE_LOOP_ANALYSIS = YES;
				CLANG_WARN_STRICT_PROTOTYPES = YES;
				CLANG_WARN_SUSPICIOUS_MOVE = YES;
				CLANG_WARN_UNGUARDED_AVAILABILITY = YES_AGGRESSIVE;
				CLANG_WARN_UNREACHABLE_CODE = YES;
				CLANG_WARN__DUPLICATE_METHOD_MATCH = YES;
				COPY_PHASE_STRIP = NO;
				DEBUG_INFORMATION_FORMAT = "dwarf-with-dsym";
				ENABLE_NS_ASSERTIONS = NO;
				ENABLE_STRICT_OBJC_MSGSEND = YES;
				GCC_C_LANGUAGE_STANDARD = gnu11;
				GCC_NO_COMMON_BLOCKS = YES;
				GCC_WARN_64_TO_32_BIT_CONVERSION = YES;
				GCC_WARN_ABOUT_RETURN_TYPE = YES_ERROR;
				GCC_WARN_UNDECLARED_SELECTOR = YES;
				GCC_WARN_UNINITIALIZED_AUTOS = YES_AGGRESSIVE;
				GCC_WARN_UNUSED_FUNCTION = YES;
				GCC_WARN_UNUSED_VARIABLE = YES;
				IPHONEOS_DEPLOYMENT_TARGET = 14.0;
				MTL_ENABLE_DEBUG_INFO = NO;
				MTL_FAST_MATH = YES;
				SDKROOT = iphoneos;
				SWIFT_COMPILATION_MODE = wholemodule;
				SWIFT_OPTIMIZATION_LEVEL = "-O";
				VALIDATE_PRODUCT = YES;
			};
			name = Release;
		};
		172DCBE226D110EA001B705C /* Debug */ = {
			isa = XCBuildConfiguration;
			buildSettings = {
				ASSETCATALOG_COMPILER_APPICON_NAME = AppIcon;
				ASSETCATALOG_COMPILER_GLOBAL_ACCENT_COLOR_NAME = AccentColor;
				CODE_SIGN_STYLE = Automatic;
				DEVELOPMENT_ASSET_PATHS = "\"Audyo/Preview Content\"";
				DEVELOPMENT_TEAM = 9F2SA4NZTN;
				ENABLE_PREVIEWS = YES;
				INFOPLIST_FILE = Audyo/Info.plist;
				IPHONEOS_DEPLOYMENT_TARGET = 14.0;
				LD_RUNPATH_SEARCH_PATHS = (
					"$(inherited)",
					"@executable_path/Frameworks",
				);
				PRODUCT_BUNDLE_IDENTIFIER = com.gikabu.metatext;
				PRODUCT_NAME = "$(TARGET_NAME)";
				SWIFT_VERSION = 5.0;
				TARGETED_DEVICE_FAMILY = "1,2";
			};
			name = Debug;
		};
		172DCBE326D110EA001B705C /* Release */ = {
			isa = XCBuildConfiguration;
			buildSettings = {
				ASSETCATALOG_COMPILER_APPICON_NAME = AppIcon;
				ASSETCATALOG_COMPILER_GLOBAL_ACCENT_COLOR_NAME = AccentColor;
				CODE_SIGN_STYLE = Automatic;
				DEVELOPMENT_ASSET_PATHS = "\"Audyo/Preview Content\"";
				DEVELOPMENT_TEAM = 9F2SA4NZTN;
				ENABLE_PREVIEWS = YES;
				INFOPLIST_FILE = Audyo/Info.plist;
				IPHONEOS_DEPLOYMENT_TARGET = 14.0;
				LD_RUNPATH_SEARCH_PATHS = (
					"$(inherited)",
					"@executable_path/Frameworks",
				);
				PRODUCT_BUNDLE_IDENTIFIER = com.gikabu.metatext;
				PRODUCT_NAME = "$(TARGET_NAME)";
				SWIFT_VERSION = 5.0;
				TARGETED_DEVICE_FAMILY = "1,2";
			};
			name = Release;
		};
/* End XCBuildConfiguration section */

/* Begin XCConfigurationList section */
		172DCBCD26D110E7001B705C /* Build configuration list for PBXProject "Audyo" */ = {
			isa = XCConfigurationList;
			buildConfigurations = (
				172DCBDF26D110EA001B705C /* Debug */,
				172DCBE026D110EA001B705C /* Release */,
			);
			defaultConfigurationIsVisible = 0;
			defaultConfigurationName = Release;
		};
		172DCBE126D110EA001B705C /* Build configuration list for PBXNativeTarget "Audyo" */ = {
			isa = XCConfigurationList;
			buildConfigurations = (
				172DCBE226D110EA001B705C /* Debug */,
				172DCBE326D110EA001B705C /* Release */,
			);
			defaultConfigurationIsVisible = 0;
			defaultConfigurationName = Release;
		};
/* End XCConfigurationList section */

/* Begin XCRemoteSwiftPackageReference section */
		172DCBEE26D1517C001B705C /* XCRemoteSwiftPackageReference "AudioStreaming" */ = {
			isa = XCRemoteSwiftPackageReference;
			repositoryURL = "https://github.com/Gikabu/AudioStreaming";
			requirement = {
				kind = upToNextMajorVersion;
				minimumVersion = 0.5.1;
			};
		};
/* End XCRemoteSwiftPackageReference section */

/* Begin XCSwiftPackageProductDependency section */
		172DCBEF26D1517C001B705C /* AudioStreaming */ = {
			isa = XCSwiftPackageProductDependency;
			package = 172DCBEE26D1517C001B705C /* XCRemoteSwiftPackageReference "AudioStreaming" */;
			productName = AudioStreaming;
		};
/* End XCSwiftPackageProductDependency section */
	};
	rootObject = 172DCBCA26D110E7001B705C /* Project object */;
}
